{
  "nodes": {
    "nixpkgs": {
      "locked": {
        "lastModified": 1744232761,
        "narHash": "sha256-gbl9hE39nQRpZaLjhWKmEu5ejtQsgI5TWYrIVVJn30U=",
        "ref": "nixos-unstable",
        "rev": "f675531bc7e6657c10a18b565cfebd8aa9e24c14",
        "revCount": 781462,
        "type": "git",
        "url": "https://github.com/NixOS/nixpkgs"
      },
      "original": {
        "ref": "nixos-unstable",
        "type": "git",
        "url": "https://github.com/NixOS/nixpkgs"
      }
    },
    "root": {
      "inputs": {
        "nixpkgs": "nixpkgs",
        "rust-overlay": "rust-overlay"
      }
    },
    "rust-overlay": {
      "inputs": {
        "nixpkgs": [
          "nixpkgs"
        ]
      },
      "locked": {
        "lastModified": 1744338850,
        "narHash": "sha256-pwMIVmsb8fjjT92n5XFDqCsplcX70qVMMT7NulumPXs=",
        "ref": "master",
        "rev": "5e64aecc018e6f775572609e7d7485fdba6985a7",
        "revCount": 1747,
        "type": "git",
        "url": "https://github.com/oxalica/rust-overlay"
      },
      "original": {
        "ref": "master",
        "type": "git",
        "url": "https://github.com/oxalica/rust-overlay"
      }
    }
  },
  "root": "root",
  "version": 7
}
