{
  "nodes": {
    "nixpkgs": {
      "locked": {
        "lastModified": 1750134718,
        "narHash": "sha256-v263g4GbxXv87hMXMCpjkIxd/viIF7p3JpJrwgKdNiI=",
        "ref": "nixos-unstable",
        "rev": "9e83b64f727c88a7711a2c463a7b16eedb69a84c",
        "revCount": 816272,
        "type": "git",
        "url": "https://github.com/NixOS/nixpkgs"
      },
      "original": {
        "ref": "nixos-unstable",
        "type": "git",
        "url": "https://github.com/NixOS/nixpkgs"
      }
    },
    "root": {
      "inputs": {
        "nixpkgs": "nixpkgs",
        "rust-overlay": "rust-overlay"
      }
    },
    "rust-overlay": {
      "inputs": {
        "nixpkgs": [
          "nixpkgs"
        ]
      },
      "locked": {
        "lastModified": 1750214276,
        "narHash": "sha256-1kniuhH70q4TAC/xIvjFYH46aHiLrbIlcr6fdrRwO1A=",
        "ref": "master",
        "rev": "f9b2b2b1327ff6beab4662b8ea41689e0a57b8d4",
        "revCount": 1820,
        "type": "git",
        "url": "https://github.com/oxalica/rust-overlay"
      },
      "original": {
        "ref": "master",
        "type": "git",
        "url": "https://github.com/oxalica/rust-overlay"
      }
    }
  },
  "root": "root",
  "version": 7
}
